
Microsoft Visual Studio Solution File, Format Version 12.00
# Visual Studio 2013
VisualStudioVersion = 12.0.21005.1
MinimumVisualStudioVersion = 10.0.40219.1
Project("{FAE04EC0-301F-11D3-BF4B-00C04F79EFBC}") = "ProbabilityCalculator", "ProbabilityCalculator\ProbabilityCalculator.csproj", "{97457205-21DF-40A7-B32F-B8B057B4DBEA}"
EndProject
Project("{FAE04EC0-301F-11D3-BF4B-00C04F79EFBC}") = "ProbabilityCalculator.Tests", "ProbabilityCalculator.Tests\ProbabilityCalculator.Tests.csproj", "{04C778CA-7286-4D60-92CA-C83777D8E747}"
EndProject
Global
	GlobalSection(SolutionConfigurationPlatforms) = preSolution
		Debug|Any CPU = Debug|Any CPU
		Release|Any CPU = Release|Any CPU
	EndGlobalSection
	GlobalSection(ProjectConfigurationPlatforms) = postSolution
		{97457205-21DF-40A7-B32F-B8B057B4DBEA}.Debug|Any CPU.ActiveCfg = Debug|Any CPU
		{97457205-21DF-40A7-B32F-B8B057B4DBEA}.Debug|Any CPU.Build.0 = Debug|Any CPU
		{97457205-21DF-40A7-B32F-B8B057B4DBEA}.Release|Any CPU.ActiveCfg = Release|Any CPU
		{97457205-21DF-40A7-B32F-B8B057B4DBEA}.Release|Any CPU.Build.0 = Release|Any CPU
		{04C778CA-7286-4D60-92CA-C83777D8E747}.Debug|Any CPU.ActiveCfg = Debug|Any CPU
		{04C778CA-7286-4D60-92CA-C83777D8E747}.Debug|Any CPU.Build.0 = Debug|Any CPU
		{04C778CA-7286-4D60-92CA-C83777D8E747}.Release|Any CPU.ActiveCfg = Release|Any CPU
		{04C778CA-7286-4D60-92CA-C83777D8E747}.Release|Any CPU.Build.0 = Release|Any CPU
	EndGlobalSection
	GlobalSection(SolutionProperties) = preSolution
		HideSolutionNode = FALSE
	EndGlobalSection
EndGlobal
